// !$*UTF8*$!
{
	archiveVersion = 1;
	classes = {
	};
	objectVersion = 50;
	objects = {

/* Begin PBXBuildFile section */
		0E42E6CE3C5433E4D688EC2A /* libPods-Cooking Organizer.a in Frameworks */ = {isa = PBXBuildFile; fileRef = A042F1FBF23B5F4C25AE6768 /* libPods-Cooking Organizer.a */; };
		8E06382B2513919A00199907 /* CookbookWidgetTableViewCell.swift in Sources */ = {isa = PBXBuildFile; fileRef = 8E06382A2513919A00199907 /* CookbookWidgetTableViewCell.swift */; };
		8E06382D251391AC00199907 /* CookbookWidgetTableViewCell.xib in Resources */ = {isa = PBXBuildFile; fileRef = 8E06382C251391AC00199907 /* CookbookWidgetTableViewCell.xib */; };
		8E0951BB255423E700D4550D /* GenerateShoppingListView.swift in Sources */ = {isa = PBXBuildFile; fileRef = 8E0951BA255423E700D4550D /* GenerateShoppingListView.swift */; };
		8E0951BE255423F200D4550D /* GenerateShoppingListView.xib in Resources */ = {isa = PBXBuildFile; fileRef = 8E0951BD255423F200D4550D /* GenerateShoppingListView.xib */; };
		8E0951C225543A9000D4550D /* GeneratedShoppingListItem.swift in Sources */ = {isa = PBXBuildFile; fileRef = 8E0951C125543A9000D4550D /* GeneratedShoppingListItem.swift */; };
		8E0DE01F2525CA43007CFA31 /* CookingDatesView.swift in Sources */ = {isa = PBXBuildFile; fileRef = 8E0DE01E2525CA43007CFA31 /* CookingDatesView.swift */; };
		8E0DE0232525CA58007CFA31 /* CookingDatesView.xib in Resources */ = {isa = PBXBuildFile; fileRef = 8E0DE0222525CA58007CFA31 /* CookingDatesView.xib */; };
		8E0F01D0248A616D00CBA319 /* HomeIngredientDetailsView.swift in Sources */ = {isa = PBXBuildFile; fileRef = 8E0F01CF248A616D00CBA319 /* HomeIngredientDetailsView.swift */; };
		8E0F01D2248A617700CBA319 /* HomeIngredientDetailsView.xib in Resources */ = {isa = PBXBuildFile; fileRef = 8E0F01D1248A617700CBA319 /* HomeIngredientDetailsView.xib */; };
		8E1AECE1247E75FF0041B6C4 /* Categories.swift in Sources */ = {isa = PBXBuildFile; fileRef = 8E1AECE0247E75FF0041B6C4 /* Categories.swift */; };
		8E3142FF2510FCC700FCF59F /* RecipeStepCell.swift in Sources */ = {isa = PBXBuildFile; fileRef = 8E3142FE2510FCC700FCF59F /* RecipeStepCell.swift */; };
		8E3143012510FCD800FCF59F /* RecipeStepCell.xib in Resources */ = {isa = PBXBuildFile; fileRef = 8E3143002510FCD800FCF59F /* RecipeStepCell.xib */; };
		8E3143032510FD8C00FCF59F /* ChangeRecipeStepCell.swift in Sources */ = {isa = PBXBuildFile; fileRef = 8E3143022510FD8C00FCF59F /* ChangeRecipeStepCell.swift */; };
		8E3143052510FD9E00FCF59F /* ChangeRecipeStepCell.xib in Resources */ = {isa = PBXBuildFile; fileRef = 8E3143042510FD9E00FCF59F /* ChangeRecipeStepCell.xib */; };
		8E34D4902546CC5D00AE1BCD /* ShoppingList.swift in Sources */ = {isa = PBXBuildFile; fileRef = 8E34D48F2546CC5D00AE1BCD /* ShoppingList.swift */; };
		8E34D4932546CC8400AE1BCD /* ShoppingListItem.swift in Sources */ = {isa = PBXBuildFile; fileRef = 8E34D4922546CC8400AE1BCD /* ShoppingListItem.swift */; };
		8E34D4962546EC0000AE1BCD /* ShoppingListsViewController.swift in Sources */ = {isa = PBXBuildFile; fileRef = 8E34D4952546EC0000AE1BCD /* ShoppingListsViewController.swift */; };
		8E3640C22546F87B00ABC563 /* CreateShoppingListView.swift in Sources */ = {isa = PBXBuildFile; fileRef = 8E3640C12546F87B00ABC563 /* CreateShoppingListView.swift */; };
		8E3640C52546F89000ABC563 /* CreateShoppingListView.xib in Resources */ = {isa = PBXBuildFile; fileRef = 8E3640C42546F89000ABC563 /* CreateShoppingListView.xib */; };
		8E3640C825470D9000ABC563 /* ShoppingListViewController.swift in Sources */ = {isa = PBXBuildFile; fileRef = 8E3640C725470D9000ABC563 /* ShoppingListViewController.swift */; };
		8E3640CB2547195900ABC563 /* AddShoppingListItemView.swift in Sources */ = {isa = PBXBuildFile; fileRef = 8E3640CA2547195900ABC563 /* AddShoppingListItemView.swift */; };
		8E3640CE25471D1A00ABC563 /* AddShoppingListItemView.xib in Resources */ = {isa = PBXBuildFile; fileRef = 8E3640CD25471D1A00ABC563 /* AddShoppingListItemView.xib */; };
		8E3FA85D2487C72300FDEB7D /* HomeIngredientTableViewCell.xib in Resources */ = {isa = PBXBuildFile; fileRef = 8E3FA85C2487C72300FDEB7D /* HomeIngredientTableViewCell.xib */; };
		8E402DA225272C7B00BC31A4 /* RecipesTableView.swift in Sources */ = {isa = PBXBuildFile; fileRef = 8E402DA125272C7B00BC31A4 /* RecipesTableView.swift */; };
		8E402DA625272C8300BC31A4 /* RecipesTableView.xib in Resources */ = {isa = PBXBuildFile; fileRef = 8E402DA525272C8300BC31A4 /* RecipesTableView.xib */; };
		8E498AD12536FF5200900D61 /* FilterView.swift in Sources */ = {isa = PBXBuildFile; fileRef = 8E498AD02536FF5200900D61 /* FilterView.swift */; };
		8E498AD42536FF6400900D61 /* FilterView.xib in Resources */ = {isa = PBXBuildFile; fileRef = 8E498AD32536FF6400900D61 /* FilterView.xib */; };
		8E4F734B253D956200E145A9 /* BaseIngredients.swift in Sources */ = {isa = PBXBuildFile; fileRef = 8E4F734A253D956200E145A9 /* BaseIngredients.swift */; };
		8E4F7357253D9AB800E145A9 /* IngredientsManager.swift in Sources */ = {isa = PBXBuildFile; fileRef = 8E4F7356253D9AB800E145A9 /* IngredientsManager.swift */; };
		8E4F7395253DB76800E145A9 /* CustomIngredients.swift in Sources */ = {isa = PBXBuildFile; fileRef = 8E4F7394253DB76800E145A9 /* CustomIngredients.swift */; };
		8E4F7399253DB82200E145A9 /* BaseIngredients.json in Resources */ = {isa = PBXBuildFile; fileRef = 8E4F7397253DB82200E145A9 /* BaseIngredients.json */; };
		8E59B1B6250BBA6A00DF3186 /* IngredientsView.swift in Sources */ = {isa = PBXBuildFile; fileRef = 8E59B1B5250BBA6A00DF3186 /* IngredientsView.swift */; };
		8E5B68D9253C47BD00B4BA19 /* SettingsViewController.swift in Sources */ = {isa = PBXBuildFile; fileRef = 8E5B68D8253C47BD00B4BA19 /* SettingsViewController.swift */; };
		8E5B68DC253C4DB800B4BA19 /* RearrangeHomeScreenView.swift in Sources */ = {isa = PBXBuildFile; fileRef = 8E5B68DB253C4DB800B4BA19 /* RearrangeHomeScreenView.swift */; };
		8E5B68DF253C4DCE00B4BA19 /* RearrangeHomeScreenView.xib in Resources */ = {isa = PBXBuildFile; fileRef = 8E5B68DE253C4DCE00B4BA19 /* RearrangeHomeScreenView.xib */; };
		8E64AA5C25233E4C00DCC3A8 /* CookingCalendarWidgetTableViewCell.swift in Sources */ = {isa = PBXBuildFile; fileRef = 8E64AA5B25233E4C00DCC3A8 /* CookingCalendarWidgetTableViewCell.swift */; };
		8E64AA5F25233E5E00DCC3A8 /* CookingCalendarWidgetTableViewCell.xib in Resources */ = {isa = PBXBuildFile; fileRef = 8E64AA5E25233E5E00DCC3A8 /* CookingCalendarWidgetTableViewCell.xib */; };
		8E66F993255986B3008E15CE /* GeneratedRecipeTableViewCell.swift in Sources */ = {isa = PBXBuildFile; fileRef = 8E66F992255986B3008E15CE /* GeneratedRecipeTableViewCell.swift */; };
		8E66F996255986C0008E15CE /* GeneratedRecipeTableViewCell.xib in Resources */ = {isa = PBXBuildFile; fileRef = 8E66F995255986C0008E15CE /* GeneratedRecipeTableViewCell.xib */; };
		8E6B15F42559973E00BF6198 /* GeneratedRecipesView.swift in Sources */ = {isa = PBXBuildFile; fileRef = 8E6B15F32559973E00BF6198 /* GeneratedRecipesView.swift */; };
		8E6B15F7255997DB00BF6198 /* GeneratedRecipesView.xib in Resources */ = {isa = PBXBuildFile; fileRef = 8E6B15F6255997DB00BF6198 /* GeneratedRecipesView.xib */; };
		8E6B15FA25599AF800BF6198 /* GeneratedRecipe.swift in Sources */ = {isa = PBXBuildFile; fileRef = 8E6B15F925599AF800BF6198 /* GeneratedRecipe.swift */; };
		8E6B15FE25599D1A00BF6198 /* ScheduleRecipeView.swift in Sources */ = {isa = PBXBuildFile; fileRef = 8E6B15FD25599D1A00BF6198 /* ScheduleRecipeView.swift */; };
		8E6B160125599D3200BF6198 /* ScheduleRecipeView.xib in Resources */ = {isa = PBXBuildFile; fileRef = 8E6B160025599D3200BF6198 /* ScheduleRecipeView.xib */; };
		8E71E65C250F8EA400C4E588 /* RecipeIngredientCell.swift in Sources */ = {isa = PBXBuildFile; fileRef = 8E71E65B250F8EA400C4E588 /* RecipeIngredientCell.swift */; };
		8E71E65E250F8EB400C4E588 /* RecipeIngredientCell.xib in Resources */ = {isa = PBXBuildFile; fileRef = 8E71E65D250F8EB400C4E588 /* RecipeIngredientCell.xib */; };
		8E71E660250FAA7F00C4E588 /* ChangeRecipeIngredientCell.swift in Sources */ = {isa = PBXBuildFile; fileRef = 8E71E65F250FAA7F00C4E588 /* ChangeRecipeIngredientCell.swift */; };
		8E71E662250FAA9C00C4E588 /* ChangeRecipeIngredientCell.xib in Resources */ = {isa = PBXBuildFile; fileRef = 8E71E661250FAA9C00C4E588 /* ChangeRecipeIngredientCell.xib */; };
		8E8BDC3C2521E34F004B5269 /* StepsView.swift in Sources */ = {isa = PBXBuildFile; fileRef = 8E8BDC3B2521E34F004B5269 /* StepsView.swift */; };
		8E8E203124753F7E00AF2F49 /* UsersManager.swift in Sources */ = {isa = PBXBuildFile; fileRef = 8E8E203024753F7E00AF2F49 /* UsersManager.swift */; };
		8E8E20342475536F00AF2F49 /* User.swift in Sources */ = {isa = PBXBuildFile; fileRef = 8E8E20332475536F00AF2F49 /* User.swift */; };
		8E8E203624756DFB00AF2F49 /* AlertManager.swift in Sources */ = {isa = PBXBuildFile; fileRef = 8E8E203524756DFB00AF2F49 /* AlertManager.swift */; };
		8E9158AB247D2E93003590F7 /* HomeIngredientsViewController.swift in Sources */ = {isa = PBXBuildFile; fileRef = 8E9158AA247D2E92003590F7 /* HomeIngredientsViewController.swift */; };
		8E9346972499F64C0048F5B1 /* CustomPickerView.swift in Sources */ = {isa = PBXBuildFile; fileRef = 8E9346962499F64C0048F5B1 /* CustomPickerView.swift */; };
		8E9346992499F68C0048F5B1 /* CustomPickerView.xib in Resources */ = {isa = PBXBuildFile; fileRef = 8E9346982499F68C0048F5B1 /* CustomPickerView.xib */; };
		8E93469B249A4D7C0048F5B1 /* CategoriesView.swift in Sources */ = {isa = PBXBuildFile; fileRef = 8E93469A249A4D7C0048F5B1 /* CategoriesView.swift */; };
		8E93469D249A4DE20048F5B1 /* CategoriesView.xib in Resources */ = {isa = PBXBuildFile; fileRef = 8E93469C249A4DE20048F5B1 /* CategoriesView.xib */; };
		8E95E52A249CBD2900ACCD44 /* Recipe.swift in Sources */ = {isa = PBXBuildFile; fileRef = 8E95E529249CBD2900ACCD44 /* Recipe.swift */; };
		8E95E52C249CDDD200ACCD44 /* RecipeDetailsViewController.swift in Sources */ = {isa = PBXBuildFile; fileRef = 8E95E52B249CDDD200ACCD44 /* RecipeDetailsViewController.swift */; };
		8E9984362476BF4300C10B4F /* UserDataManager.swift in Sources */ = {isa = PBXBuildFile; fileRef = 8E9984352476BF4300C10B4F /* UserDataManager.swift */; };
		8E9984382476C7E300C10B4F /* HomeScreenViewController.swift in Sources */ = {isa = PBXBuildFile; fileRef = 8E9984372476C7E300C10B4F /* HomeScreenViewController.swift */; };
		8E9AE68C255A7F6400E4FF41 /* SpinnerView.swift in Sources */ = {isa = PBXBuildFile; fileRef = 8E9AE68B255A7F6400E4FF41 /* SpinnerView.swift */; };
		8EA955432522234500645198 /* CookingCalendarViewController.swift in Sources */ = {isa = PBXBuildFile; fileRef = 8EA955422522234500645198 /* CookingCalendarViewController.swift */; };
		8EAD1425254AD946002AFAC9 /* ShoppingListItemTableViewCell.swift in Sources */ = {isa = PBXBuildFile; fileRef = 8EAD1424254AD946002AFAC9 /* ShoppingListItemTableViewCell.swift */; };
		8EAD1428254AD950002AFAC9 /* ShoppingListItemTableViewCell.xib in Resources */ = {isa = PBXBuildFile; fileRef = 8EAD1427254AD950002AFAC9 /* ShoppingListItemTableViewCell.xib */; };
		8EAD142C254AF0CF002AFAC9 /* ShoppingListWidgetTableViewCell.swift in Sources */ = {isa = PBXBuildFile; fileRef = 8EAD142B254AF0CF002AFAC9 /* ShoppingListWidgetTableViewCell.swift */; };
		8EAD142F254AF0DB002AFAC9 /* ShoppingListWidgetTableViewCell.xib in Resources */ = {isa = PBXBuildFile; fileRef = 8EAD142E254AF0DB002AFAC9 /* ShoppingListWidgetTableViewCell.xib */; };
		8EB02E70249CFECE0013D1B2 /* Checkbox.swift in Sources */ = {isa = PBXBuildFile; fileRef = 8EB02E6F249CFECE0013D1B2 /* Checkbox.swift */; };
		8EB61BA625519BB300592833 /* UnitManager.swift in Sources */ = {isa = PBXBuildFile; fileRef = 8EB61BA525519BB300592833 /* UnitManager.swift */; };
		8EB9DD632508D1DC0020BCA9 /* FirebaseAPIManager.swift in Sources */ = {isa = PBXBuildFile; fileRef = 8EB9DD622508D1DC0020BCA9 /* FirebaseAPIManager.swift */; };
		8ED3A9992490C43300922BB2 /* AddSelectionView.swift in Sources */ = {isa = PBXBuildFile; fileRef = 8ED3A9982490C43300922BB2 /* AddSelectionView.swift */; };
		8ED3A99B2490C43F00922BB2 /* AddSelectionView.xib in Resources */ = {isa = PBXBuildFile; fileRef = 8ED3A99A2490C43F00922BB2 /* AddSelectionView.xib */; };
		8ED3A99E2490D6BD00922BB2 /* RecipeTableViewCell.swift in Sources */ = {isa = PBXBuildFile; fileRef = 8ED3A99C2490D6BD00922BB2 /* RecipeTableViewCell.swift */; };
		8ED3A99F2490D6BD00922BB2 /* RecipeTableViewCell.xib in Resources */ = {isa = PBXBuildFile; fileRef = 8ED3A99D2490D6BD00922BB2 /* RecipeTableViewCell.xib */; };
		8ED3A9A12490DAA500922BB2 /* CookbookViewController.swift in Sources */ = {isa = PBXBuildFile; fileRef = 8ED3A9A02490DAA500922BB2 /* CookbookViewController.swift */; };
		8EE3941C249795D000DE2C9B /* NewRecipeViewController.swift in Sources */ = {isa = PBXBuildFile; fileRef = 8EE3941B249795D000DE2C9B /* NewRecipeViewController.swift */; };
		8EE3941E2497A35900DE2C9B /* NewRecipeIngredient.swift in Sources */ = {isa = PBXBuildFile; fileRef = 8EE3941D2497A35900DE2C9B /* NewRecipeIngredient.swift */; };
		8EEC0BDA247F9D29005BFA24 /* UtilsManager.swift in Sources */ = {isa = PBXBuildFile; fileRef = 8EEC0BD9247F9D29005BFA24 /* UtilsManager.swift */; };
		8EEC0BDD247FCE9C005BFA24 /* HomeIngredient.swift in Sources */ = {isa = PBXBuildFile; fileRef = 8EEC0BDC247FCE9C005BFA24 /* HomeIngredient.swift */; };
		8EEC0BE0247FD25A005BFA24 /* HomeIngredientTableViewCell.swift in Sources */ = {isa = PBXBuildFile; fileRef = 8EEC0BDF247FD25A005BFA24 /* HomeIngredientTableViewCell.swift */; };
		8EEC0BE7247FE7BF005BFA24 /* HIWidgetTableViewCell.swift in Sources */ = {isa = PBXBuildFile; fileRef = 8EEC0BE5247FE7BF005BFA24 /* HIWidgetTableViewCell.swift */; };
		8EEC0BE8247FE7BF005BFA24 /* HIWidgetTableViewCell.xib in Resources */ = {isa = PBXBuildFile; fileRef = 8EEC0BE6247FE7BF005BFA24 /* HIWidgetTableViewCell.xib */; };
		8EF58387253969A300381C43 /* SortView.xib in Resources */ = {isa = PBXBuildFile; fileRef = 8EF58386253969A300381C43 /* SortView.xib */; };
		8EF5838A253969D900381C43 /* SortView.swift in Sources */ = {isa = PBXBuildFile; fileRef = 8EF58389253969D900381C43 /* SortView.swift */; };
		8EF5BFD22475230F00C44646 /* AppDelegate.swift in Sources */ = {isa = PBXBuildFile; fileRef = 8EF5BFD12475230F00C44646 /* AppDelegate.swift */; };
		8EF5BFD42475230F00C44646 /* SceneDelegate.swift in Sources */ = {isa = PBXBuildFile; fileRef = 8EF5BFD32475230F00C44646 /* SceneDelegate.swift */; };
		8EF5BFD62475230F00C44646 /* LogInViewController.swift in Sources */ = {isa = PBXBuildFile; fileRef = 8EF5BFD52475230F00C44646 /* LogInViewController.swift */; };
		8EF5BFD92475230F00C44646 /* Main.storyboard in Resources */ = {isa = PBXBuildFile; fileRef = 8EF5BFD72475230F00C44646 /* Main.storyboard */; };
		8EF5BFDB2475231200C44646 /* Assets.xcassets in Resources */ = {isa = PBXBuildFile; fileRef = 8EF5BFDA2475231200C44646 /* Assets.xcassets */; };
		8EF5BFDE2475231200C44646 /* LaunchScreen.storyboard in Resources */ = {isa = PBXBuildFile; fileRef = 8EF5BFDC2475231200C44646 /* LaunchScreen.storyboard */; };
		8EF5BFE62475280E00C44646 /* GoogleService-Info.plist in Resources */ = {isa = PBXBuildFile; fileRef = 8EF5BFE52475280E00C44646 /* GoogleService-Info.plist */; };
/* End PBXBuildFile section */

/* Begin PBXFileReference section */
		80A38ADDFBDF7218AEEF2D79 /* Pods-Cooking Organizer.debug.xcconfig */ = {isa = PBXFileReference; includeInIndex = 1; lastKnownFileType = text.xcconfig; name = "Pods-Cooking Organizer.debug.xcconfig"; path = "Target Support Files/Pods-Cooking Organizer/Pods-Cooking Organizer.debug.xcconfig"; sourceTree = "<group>"; };
		8E06382A2513919A00199907 /* CookbookWidgetTableViewCell.swift */ = {isa = PBXFileReference; lastKnownFileType = sourcecode.swift; path = CookbookWidgetTableViewCell.swift; sourceTree = "<group>"; };
		8E06382C251391AC00199907 /* CookbookWidgetTableViewCell.xib */ = {isa = PBXFileReference; lastKnownFileType = file.xib; path = CookbookWidgetTableViewCell.xib; sourceTree = "<group>"; };
		8E0951BA255423E700D4550D /* GenerateShoppingListView.swift */ = {isa = PBXFileReference; lastKnownFileType = sourcecode.swift; path = GenerateShoppingListView.swift; sourceTree = "<group>"; };
		8E0951BD255423F200D4550D /* GenerateShoppingListView.xib */ = {isa = PBXFileReference; lastKnownFileType = file.xib; path = GenerateShoppingListView.xib; sourceTree = "<group>"; };
		8E0951C125543A9000D4550D /* GeneratedShoppingListItem.swift */ = {isa = PBXFileReference; lastKnownFileType = sourcecode.swift; path = GeneratedShoppingListItem.swift; sourceTree = "<group>"; };
		8E0DE01E2525CA43007CFA31 /* CookingDatesView.swift */ = {isa = PBXFileReference; lastKnownFileType = sourcecode.swift; path = CookingDatesView.swift; sourceTree = "<group>"; };
		8E0DE0222525CA58007CFA31 /* CookingDatesView.xib */ = {isa = PBXFileReference; lastKnownFileType = file.xib; path = CookingDatesView.xib; sourceTree = "<group>"; };
		8E0F01CF248A616D00CBA319 /* HomeIngredientDetailsView.swift */ = {isa = PBXFileReference; lastKnownFileType = sourcecode.swift; path = HomeIngredientDetailsView.swift; sourceTree = "<group>"; };
		8E0F01D1248A617700CBA319 /* HomeIngredientDetailsView.xib */ = {isa = PBXFileReference; lastKnownFileType = file.xib; path = HomeIngredientDetailsView.xib; sourceTree = "<group>"; };
		8E1AECE0247E75FF0041B6C4 /* Categories.swift */ = {isa = PBXFileReference; lastKnownFileType = sourcecode.swift; path = Categories.swift; sourceTree = "<group>"; };
		8E3142FE2510FCC700FCF59F /* RecipeStepCell.swift */ = {isa = PBXFileReference; lastKnownFileType = sourcecode.swift; path = RecipeStepCell.swift; sourceTree = "<group>"; };
		8E3143002510FCD800FCF59F /* RecipeStepCell.xib */ = {isa = PBXFileReference; lastKnownFileType = file.xib; path = RecipeStepCell.xib; sourceTree = "<group>"; };
		8E3143022510FD8C00FCF59F /* ChangeRecipeStepCell.swift */ = {isa = PBXFileReference; lastKnownFileType = sourcecode.swift; path = ChangeRecipeStepCell.swift; sourceTree = "<group>"; };
		8E3143042510FD9E00FCF59F /* ChangeRecipeStepCell.xib */ = {isa = PBXFileReference; lastKnownFileType = file.xib; path = ChangeRecipeStepCell.xib; sourceTree = "<group>"; };
		8E34D48F2546CC5D00AE1BCD /* ShoppingList.swift */ = {isa = PBXFileReference; lastKnownFileType = sourcecode.swift; path = ShoppingList.swift; sourceTree = "<group>"; };
		8E34D4922546CC8400AE1BCD /* ShoppingListItem.swift */ = {isa = PBXFileReference; lastKnownFileType = sourcecode.swift; path = ShoppingListItem.swift; sourceTree = "<group>"; };
		8E34D4952546EC0000AE1BCD /* ShoppingListsViewController.swift */ = {isa = PBXFileReference; lastKnownFileType = sourcecode.swift; path = ShoppingListsViewController.swift; sourceTree = "<group>"; };
		8E3640C12546F87B00ABC563 /* CreateShoppingListView.swift */ = {isa = PBXFileReference; lastKnownFileType = sourcecode.swift; path = CreateShoppingListView.swift; sourceTree = "<group>"; };
		8E3640C42546F89000ABC563 /* CreateShoppingListView.xib */ = {isa = PBXFileReference; lastKnownFileType = file.xib; path = CreateShoppingListView.xib; sourceTree = "<group>"; };
		8E3640C725470D9000ABC563 /* ShoppingListViewController.swift */ = {isa = PBXFileReference; lastKnownFileType = sourcecode.swift; path = ShoppingListViewController.swift; sourceTree = "<group>"; };
		8E3640CA2547195900ABC563 /* AddShoppingListItemView.swift */ = {isa = PBXFileReference; lastKnownFileType = sourcecode.swift; path = AddShoppingListItemView.swift; sourceTree = "<group>"; };
		8E3640CD25471D1A00ABC563 /* AddShoppingListItemView.xib */ = {isa = PBXFileReference; lastKnownFileType = file.xib; path = AddShoppingListItemView.xib; sourceTree = "<group>"; };
		8E3FA85C2487C72300FDEB7D /* HomeIngredientTableViewCell.xib */ = {isa = PBXFileReference; lastKnownFileType = file.xib; path = HomeIngredientTableViewCell.xib; sourceTree = "<group>"; };
		8E402DA125272C7B00BC31A4 /* RecipesTableView.swift */ = {isa = PBXFileReference; lastKnownFileType = sourcecode.swift; path = RecipesTableView.swift; sourceTree = "<group>"; };
		8E402DA525272C8300BC31A4 /* RecipesTableView.xib */ = {isa = PBXFileReference; lastKnownFileType = file.xib; path = RecipesTableView.xib; sourceTree = "<group>"; };
		8E498AD02536FF5200900D61 /* FilterView.swift */ = {isa = PBXFileReference; lastKnownFileType = sourcecode.swift; path = FilterView.swift; sourceTree = "<group>"; };
		8E498AD32536FF6400900D61 /* FilterView.xib */ = {isa = PBXFileReference; lastKnownFileType = file.xib; path = FilterView.xib; sourceTree = "<group>"; };
		8E4F734A253D956200E145A9 /* BaseIngredients.swift */ = {isa = PBXFileReference; lastKnownFileType = sourcecode.swift; path = BaseIngredients.swift; sourceTree = "<group>"; };
		8E4F7356253D9AB800E145A9 /* IngredientsManager.swift */ = {isa = PBXFileReference; lastKnownFileType = sourcecode.swift; path = IngredientsManager.swift; sourceTree = "<group>"; };
		8E4F7394253DB76800E145A9 /* CustomIngredients.swift */ = {isa = PBXFileReference; lastKnownFileType = sourcecode.swift; path = CustomIngredients.swift; sourceTree = "<group>"; };
		8E4F7397253DB82200E145A9 /* BaseIngredients.json */ = {isa = PBXFileReference; fileEncoding = 4; lastKnownFileType = text.json; path = BaseIngredients.json; sourceTree = "<group>"; };
		8E59B1B5250BBA6A00DF3186 /* IngredientsView.swift */ = {isa = PBXFileReference; lastKnownFileType = sourcecode.swift; path = IngredientsView.swift; sourceTree = "<group>"; };
		8E5B68D8253C47BD00B4BA19 /* SettingsViewController.swift */ = {isa = PBXFileReference; lastKnownFileType = sourcecode.swift; path = SettingsViewController.swift; sourceTree = "<group>"; };
		8E5B68DB253C4DB800B4BA19 /* RearrangeHomeScreenView.swift */ = {isa = PBXFileReference; lastKnownFileType = sourcecode.swift; path = RearrangeHomeScreenView.swift; sourceTree = "<group>"; };
		8E5B68DE253C4DCE00B4BA19 /* RearrangeHomeScreenView.xib */ = {isa = PBXFileReference; lastKnownFileType = file.xib; path = RearrangeHomeScreenView.xib; sourceTree = "<group>"; };
		8E64AA5B25233E4C00DCC3A8 /* CookingCalendarWidgetTableViewCell.swift */ = {isa = PBXFileReference; lastKnownFileType = sourcecode.swift; path = CookingCalendarWidgetTableViewCell.swift; sourceTree = "<group>"; };
		8E64AA5E25233E5E00DCC3A8 /* CookingCalendarWidgetTableViewCell.xib */ = {isa = PBXFileReference; lastKnownFileType = file.xib; path = CookingCalendarWidgetTableViewCell.xib; sourceTree = "<group>"; };
		8E66F992255986B3008E15CE /* GeneratedRecipeTableViewCell.swift */ = {isa = PBXFileReference; lastKnownFileType = sourcecode.swift; path = GeneratedRecipeTableViewCell.swift; sourceTree = "<group>"; };
		8E66F995255986C0008E15CE /* GeneratedRecipeTableViewCell.xib */ = {isa = PBXFileReference; lastKnownFileType = file.xib; path = GeneratedRecipeTableViewCell.xib; sourceTree = "<group>"; };
		8E6B15F32559973E00BF6198 /* GeneratedRecipesView.swift */ = {isa = PBXFileReference; lastKnownFileType = sourcecode.swift; path = GeneratedRecipesView.swift; sourceTree = "<group>"; };
		8E6B15F6255997DB00BF6198 /* GeneratedRecipesView.xib */ = {isa = PBXFileReference; lastKnownFileType = file.xib; path = GeneratedRecipesView.xib; sourceTree = "<group>"; };
		8E6B15F925599AF800BF6198 /* GeneratedRecipe.swift */ = {isa = PBXFileReference; lastKnownFileType = sourcecode.swift; path = GeneratedRecipe.swift; sourceTree = "<group>"; };
		8E6B15FD25599D1A00BF6198 /* ScheduleRecipeView.swift */ = {isa = PBXFileReference; lastKnownFileType = sourcecode.swift; path = ScheduleRecipeView.swift; sourceTree = "<group>"; };
		8E6B160025599D3200BF6198 /* ScheduleRecipeView.xib */ = {isa = PBXFileReference; lastKnownFileType = file.xib; path = ScheduleRecipeView.xib; sourceTree = "<group>"; };
		8E71E65B250F8EA400C4E588 /* RecipeIngredientCell.swift */ = {isa = PBXFileReference; lastKnownFileType = sourcecode.swift; path = RecipeIngredientCell.swift; sourceTree = "<group>"; };
		8E71E65D250F8EB400C4E588 /* RecipeIngredientCell.xib */ = {isa = PBXFileReference; lastKnownFileType = file.xib; path = RecipeIngredientCell.xib; sourceTree = "<group>"; };
		8E71E65F250FAA7F00C4E588 /* ChangeRecipeIngredientCell.swift */ = {isa = PBXFileReference; lastKnownFileType = sourcecode.swift; path = ChangeRecipeIngredientCell.swift; sourceTree = "<group>"; };
		8E71E661250FAA9C00C4E588 /* ChangeRecipeIngredientCell.xib */ = {isa = PBXFileReference; lastKnownFileType = file.xib; path = ChangeRecipeIngredientCell.xib; sourceTree = "<group>"; };
		8E8BDC3B2521E34F004B5269 /* StepsView.swift */ = {isa = PBXFileReference; fileEncoding = 4; lastKnownFileType = sourcecode.swift; name = StepsView.swift; path = "Cooking Organizer/Views/Recipe Details/StepsView.swift"; sourceTree = SOURCE_ROOT; };
		8E8E203024753F7E00AF2F49 /* UsersManager.swift */ = {isa = PBXFileReference; lastKnownFileType = sourcecode.swift; path = UsersManager.swift; sourceTree = "<group>"; };
		8E8E20332475536F00AF2F49 /* User.swift */ = {isa = PBXFileReference; lastKnownFileType = sourcecode.swift; path = User.swift; sourceTree = "<group>"; };
		8E8E203524756DFB00AF2F49 /* AlertManager.swift */ = {isa = PBXFileReference; lastKnownFileType = sourcecode.swift; path = AlertManager.swift; sourceTree = "<group>"; };
		8E9158AA247D2E92003590F7 /* HomeIngredientsViewController.swift */ = {isa = PBXFileReference; lastKnownFileType = sourcecode.swift; path = HomeIngredientsViewController.swift; sourceTree = "<group>"; };
		8E9346962499F64C0048F5B1 /* CustomPickerView.swift */ = {isa = PBXFileReference; lastKnownFileType = sourcecode.swift; path = CustomPickerView.swift; sourceTree = "<group>"; };
		8E9346982499F68C0048F5B1 /* CustomPickerView.xib */ = {isa = PBXFileReference; lastKnownFileType = file.xib; path = CustomPickerView.xib; sourceTree = "<group>"; };
		8E93469A249A4D7C0048F5B1 /* CategoriesView.swift */ = {isa = PBXFileReference; lastKnownFileType = sourcecode.swift; path = CategoriesView.swift; sourceTree = "<group>"; };
		8E93469C249A4DE20048F5B1 /* CategoriesView.xib */ = {isa = PBXFileReference; lastKnownFileType = file.xib; path = CategoriesView.xib; sourceTree = "<group>"; };
		8E95E529249CBD2900ACCD44 /* Recipe.swift */ = {isa = PBXFileReference; lastKnownFileType = sourcecode.swift; path = Recipe.swift; sourceTree = "<group>"; };
		8E95E52B249CDDD200ACCD44 /* RecipeDetailsViewController.swift */ = {isa = PBXFileReference; lastKnownFileType = sourcecode.swift; path = RecipeDetailsViewController.swift; sourceTree = "<group>"; };
		8E9984352476BF4300C10B4F /* UserDataManager.swift */ = {isa = PBXFileReference; lastKnownFileType = sourcecode.swift; path = UserDataManager.swift; sourceTree = "<group>"; };
		8E9984372476C7E300C10B4F /* HomeScreenViewController.swift */ = {isa = PBXFileReference; lastKnownFileType = sourcecode.swift; path = HomeScreenViewController.swift; sourceTree = "<group>"; };
		8E9AE68B255A7F6400E4FF41 /* SpinnerView.swift */ = {isa = PBXFileReference; lastKnownFileType = sourcecode.swift; path = SpinnerView.swift; sourceTree = "<group>"; };
		8EA955422522234500645198 /* CookingCalendarViewController.swift */ = {isa = PBXFileReference; lastKnownFileType = sourcecode.swift; path = CookingCalendarViewController.swift; sourceTree = "<group>"; };
		8EA95557252225E900645198 /* BridgingHeader.h */ = {isa = PBXFileReference; lastKnownFileType = sourcecode.c.h; path = BridgingHeader.h; sourceTree = "<group>"; };
		8EAD1424254AD946002AFAC9 /* ShoppingListItemTableViewCell.swift */ = {isa = PBXFileReference; lastKnownFileType = sourcecode.swift; path = ShoppingListItemTableViewCell.swift; sourceTree = "<group>"; };
		8EAD1427254AD950002AFAC9 /* ShoppingListItemTableViewCell.xib */ = {isa = PBXFileReference; lastKnownFileType = file.xib; path = ShoppingListItemTableViewCell.xib; sourceTree = "<group>"; };
		8EAD142B254AF0CF002AFAC9 /* ShoppingListWidgetTableViewCell.swift */ = {isa = PBXFileReference; lastKnownFileType = sourcecode.swift; path = ShoppingListWidgetTableViewCell.swift; sourceTree = "<group>"; };
		8EAD142E254AF0DB002AFAC9 /* ShoppingListWidgetTableViewCell.xib */ = {isa = PBXFileReference; lastKnownFileType = file.xib; path = ShoppingListWidgetTableViewCell.xib; sourceTree = "<group>"; };
		8EB02E6F249CFECE0013D1B2 /* Checkbox.swift */ = {isa = PBXFileReference; fileEncoding = 4; lastKnownFileType = sourcecode.swift; path = Checkbox.swift; sourceTree = "<group>"; };
		8EB61BA525519BB300592833 /* UnitManager.swift */ = {isa = PBXFileReference; lastKnownFileType = sourcecode.swift; path = UnitManager.swift; sourceTree = "<group>"; };
		8EB9DD622508D1DC0020BCA9 /* FirebaseAPIManager.swift */ = {isa = PBXFileReference; lastKnownFileType = sourcecode.swift; path = FirebaseAPIManager.swift; sourceTree = "<group>"; };
		8ED3A9982490C43300922BB2 /* AddSelectionView.swift */ = {isa = PBXFileReference; lastKnownFileType = sourcecode.swift; path = AddSelectionView.swift; sourceTree = "<group>"; };
		8ED3A99A2490C43F00922BB2 /* AddSelectionView.xib */ = {isa = PBXFileReference; lastKnownFileType = file.xib; path = AddSelectionView.xib; sourceTree = "<group>"; };
		8ED3A99C2490D6BD00922BB2 /* RecipeTableViewCell.swift */ = {isa = PBXFileReference; lastKnownFileType = sourcecode.swift; path = RecipeTableViewCell.swift; sourceTree = "<group>"; };
		8ED3A99D2490D6BD00922BB2 /* RecipeTableViewCell.xib */ = {isa = PBXFileReference; lastKnownFileType = file.xib; path = RecipeTableViewCell.xib; sourceTree = "<group>"; };
		8ED3A9A02490DAA500922BB2 /* CookbookViewController.swift */ = {isa = PBXFileReference; lastKnownFileType = sourcecode.swift; path = CookbookViewController.swift; sourceTree = "<group>"; };
		8EE3941B249795D000DE2C9B /* NewRecipeViewController.swift */ = {isa = PBXFileReference; lastKnownFileType = sourcecode.swift; path = NewRecipeViewController.swift; sourceTree = "<group>"; };
		8EE3941D2497A35900DE2C9B /* NewRecipeIngredient.swift */ = {isa = PBXFileReference; lastKnownFileType = sourcecode.swift; path = NewRecipeIngredient.swift; sourceTree = "<group>"; };
		8EEC0BD9247F9D29005BFA24 /* UtilsManager.swift */ = {isa = PBXFileReference; lastKnownFileType = sourcecode.swift; path = UtilsManager.swift; sourceTree = "<group>"; };
		8EEC0BDC247FCE9C005BFA24 /* HomeIngredient.swift */ = {isa = PBXFileReference; lastKnownFileType = sourcecode.swift; path = HomeIngredient.swift; sourceTree = "<group>"; };
		8EEC0BDF247FD25A005BFA24 /* HomeIngredientTableViewCell.swift */ = {isa = PBXFileReference; lastKnownFileType = sourcecode.swift; path = HomeIngredientTableViewCell.swift; sourceTree = "<group>"; };
		8EEC0BE5247FE7BF005BFA24 /* HIWidgetTableViewCell.swift */ = {isa = PBXFileReference; lastKnownFileType = sourcecode.swift; path = HIWidgetTableViewCell.swift; sourceTree = "<group>"; };
		8EEC0BE6247FE7BF005BFA24 /* HIWidgetTableViewCell.xib */ = {isa = PBXFileReference; lastKnownFileType = file.xib; path = HIWidgetTableViewCell.xib; sourceTree = "<group>"; };
		8EF58386253969A300381C43 /* SortView.xib */ = {isa = PBXFileReference; lastKnownFileType = file.xib; path = SortView.xib; sourceTree = "<group>"; };
		8EF58389253969D900381C43 /* SortView.swift */ = {isa = PBXFileReference; lastKnownFileType = sourcecode.swift; path = SortView.swift; sourceTree = "<group>"; };
		8EF5BFCE2475230F00C44646 /* Cooking Organizer.app */ = {isa = PBXFileReference; explicitFileType = wrapper.application; includeInIndex = 0; path = "Cooking Organizer.app"; sourceTree = BUILT_PRODUCTS_DIR; };
		8EF5BFD12475230F00C44646 /* AppDelegate.swift */ = {isa = PBXFileReference; lastKnownFileType = sourcecode.swift; path = AppDelegate.swift; sourceTree = "<group>"; };
		8EF5BFD32475230F00C44646 /* SceneDelegate.swift */ = {isa = PBXFileReference; lastKnownFileType = sourcecode.swift; path = SceneDelegate.swift; sourceTree = "<group>"; };
		8EF5BFD52475230F00C44646 /* LogInViewController.swift */ = {isa = PBXFileReference; lastKnownFileType = sourcecode.swift; path = LogInViewController.swift; sourceTree = "<group>"; };
		8EF5BFD82475230F00C44646 /* Base */ = {isa = PBXFileReference; lastKnownFileType = file.storyboard; name = Base; path = Base.lproj/Main.storyboard; sourceTree = "<group>"; };
		8EF5BFDA2475231200C44646 /* Assets.xcassets */ = {isa = PBXFileReference; lastKnownFileType = folder.assetcatalog; path = Assets.xcassets; sourceTree = "<group>"; };
		8EF5BFDD2475231200C44646 /* Base */ = {isa = PBXFileReference; lastKnownFileType = file.storyboard; name = Base; path = Base.lproj/LaunchScreen.storyboard; sourceTree = "<group>"; };
		8EF5BFDF2475231200C44646 /* Info.plist */ = {isa = PBXFileReference; lastKnownFileType = text.plist.xml; path = Info.plist; sourceTree = "<group>"; };
		8EF5BFE52475280E00C44646 /* GoogleService-Info.plist */ = {isa = PBXFileReference; fileEncoding = 4; lastKnownFileType = text.plist.xml; path = "GoogleService-Info.plist"; sourceTree = "<group>"; };
		A042F1FBF23B5F4C25AE6768 /* libPods-Cooking Organizer.a */ = {isa = PBXFileReference; explicitFileType = archive.ar; includeInIndex = 0; path = "libPods-Cooking Organizer.a"; sourceTree = BUILT_PRODUCTS_DIR; };
		DA96B64C257E41F72BCC4D5C /* Pods-Cooking Organizer.release.xcconfig */ = {isa = PBXFileReference; includeInIndex = 1; lastKnownFileType = text.xcconfig; name = "Pods-Cooking Organizer.release.xcconfig"; path = "Target Support Files/Pods-Cooking Organizer/Pods-Cooking Organizer.release.xcconfig"; sourceTree = "<group>"; };
/* End PBXFileReference section */

/* Begin PBXFrameworksBuildPhase section */
		8EF5BFCB2475230F00C44646 /* Frameworks */ = {
			isa = PBXFrameworksBuildPhase;
			buildActionMask = 2147483647;
			files = (
				0E42E6CE3C5433E4D688EC2A /* libPods-Cooking Organizer.a in Frameworks */,
			);
			runOnlyForDeploymentPostprocessing = 0;
		};
/* End PBXFrameworksBuildPhase section */

/* Begin PBXGroup section */
		83CCF7C7BCD23AE71C4E9A14 /* Frameworks */ = {
			isa = PBXGroup;
			children = (
				A042F1FBF23B5F4C25AE6768 /* libPods-Cooking Organizer.a */,
			);
			name = Frameworks;
			sourceTree = "<group>";
		};
		8E3640C02546F86000ABC563 /* Shopping Lists */ = {
			isa = PBXGroup;
			children = (
				8E3640C12546F87B00ABC563 /* CreateShoppingListView.swift */,
				8E3640C42546F89000ABC563 /* CreateShoppingListView.xib */,
				8E3640CA2547195900ABC563 /* AddShoppingListItemView.swift */,
				8E3640CD25471D1A00ABC563 /* AddShoppingListItemView.xib */,
				8EAD1424254AD946002AFAC9 /* ShoppingListItemTableViewCell.swift */,
				8EAD1427254AD950002AFAC9 /* ShoppingListItemTableViewCell.xib */,
			);
			path = "Shopping Lists";
			sourceTree = "<group>";
		};
		8E402DA025272C2F00BC31A4 /* Cooking Calendar */ = {
			isa = PBXGroup;
			children = (
				8E402DA125272C7B00BC31A4 /* RecipesTableView.swift */,
				8E402DA525272C8300BC31A4 /* RecipesTableView.xib */,
				8E0951BA255423E700D4550D /* GenerateShoppingListView.swift */,
				8E0951BD255423F200D4550D /* GenerateShoppingListView.xib */,
			);
			path = "Cooking Calendar";
			sourceTree = "<group>";
		};
		8E4B439D2514C3C30033A195 /* Common Recipe Views */ = {
			isa = PBXGroup;
			children = (
				8E8BDC3B2521E34F004B5269 /* StepsView.swift */,
				8E59B1B5250BBA6A00DF3186 /* IngredientsView.swift */,
				8E71E65F250FAA7F00C4E588 /* ChangeRecipeIngredientCell.swift */,
				8E71E661250FAA9C00C4E588 /* ChangeRecipeIngredientCell.xib */,
				8E3143022510FD8C00FCF59F /* ChangeRecipeStepCell.swift */,
				8E3143042510FD9E00FCF59F /* ChangeRecipeStepCell.xib */,
			);
			path = "Common Recipe Views";
			sourceTree = "<group>";
		};
		8E4B439E2514C50C0033A195 /* Cells */ = {
			isa = PBXGroup;
			children = (
				8EEC0BE5247FE7BF005BFA24 /* HIWidgetTableViewCell.swift */,
				8EEC0BE6247FE7BF005BFA24 /* HIWidgetTableViewCell.xib */,
				8E06382A2513919A00199907 /* CookbookWidgetTableViewCell.swift */,
				8E06382C251391AC00199907 /* CookbookWidgetTableViewCell.xib */,
				8E64AA5B25233E4C00DCC3A8 /* CookingCalendarWidgetTableViewCell.swift */,
				8E64AA5E25233E5E00DCC3A8 /* CookingCalendarWidgetTableViewCell.xib */,
				8EAD142B254AF0CF002AFAC9 /* ShoppingListWidgetTableViewCell.swift */,
				8EAD142E254AF0DB002AFAC9 /* ShoppingListWidgetTableViewCell.xib */,
			);
			path = Cells;
			sourceTree = "<group>";
		};
		8E4B439F2514C5520033A195 /* Recipes */ = {
			isa = PBXGroup;
			children = (
				8EB02E6F249CFECE0013D1B2 /* Checkbox.swift */,
				8ED3A99C2490D6BD00922BB2 /* RecipeTableViewCell.swift */,
				8ED3A99D2490D6BD00922BB2 /* RecipeTableViewCell.xib */,
				8EB02E6A249CFCDC0013D1B2 /* Recipe Details */,
				8E4B439D2514C3C30033A195 /* Common Recipe Views */,
			);
			path = Recipes;
			sourceTree = "<group>";
		};
		8E8E202F24753F6100AF2F49 /* Managers */ = {
			isa = PBXGroup;
			children = (
				8E8E203024753F7E00AF2F49 /* UsersManager.swift */,
				8E9984352476BF4300C10B4F /* UserDataManager.swift */,
				8E8E203524756DFB00AF2F49 /* AlertManager.swift */,
				8EEC0BD9247F9D29005BFA24 /* UtilsManager.swift */,
				8EB9DD622508D1DC0020BCA9 /* FirebaseAPIManager.swift */,
				8E4F7356253D9AB800E145A9 /* IngredientsManager.swift */,
				8EB61BA525519BB300592833 /* UnitManager.swift */,
			);
			path = Managers;
			sourceTree = "<group>";
		};
		8E8E20322475535900AF2F49 /* Models */ = {
			isa = PBXGroup;
			children = (
				8E8E20332475536F00AF2F49 /* User.swift */,
				8E1AECE0247E75FF0041B6C4 /* Categories.swift */,
				8EEC0BDC247FCE9C005BFA24 /* HomeIngredient.swift */,
				8EE3941D2497A35900DE2C9B /* NewRecipeIngredient.swift */,
				8E95E529249CBD2900ACCD44 /* Recipe.swift */,
				8E4F734A253D956200E145A9 /* BaseIngredients.swift */,
				8E4F7394253DB76800E145A9 /* CustomIngredients.swift */,
				8E34D48F2546CC5D00AE1BCD /* ShoppingList.swift */,
				8E34D4922546CC8400AE1BCD /* ShoppingListItem.swift */,
				8E0951C125543A9000D4550D /* GeneratedShoppingListItem.swift */,
				8E6B15F925599AF800BF6198 /* GeneratedRecipe.swift */,
			);
			name = Models;
			sourceTree = "<group>";
		};
		8EB02E6A249CFCDC0013D1B2 /* Recipe Details */ = {
			isa = PBXGroup;
			children = (
				8E71E65B250F8EA400C4E588 /* RecipeIngredientCell.swift */,
				8E71E65D250F8EB400C4E588 /* RecipeIngredientCell.xib */,
				8E3142FE2510FCC700FCF59F /* RecipeStepCell.swift */,
				8E3143002510FCD800FCF59F /* RecipeStepCell.xib */,
				8E0DE01E2525CA43007CFA31 /* CookingDatesView.swift */,
				8E0DE0222525CA58007CFA31 /* CookingDatesView.xib */,
			);
			path = "Recipe Details";
			sourceTree = "<group>";
		};
		8EB9BC69249B9D7000FF76F6 /* Home Ingredients */ = {
			isa = PBXGroup;
			children = (
				8EEC0BDF247FD25A005BFA24 /* HomeIngredientTableViewCell.swift */,
				8E3FA85C2487C72300FDEB7D /* HomeIngredientTableViewCell.xib */,
				8E0F01CF248A616D00CBA319 /* HomeIngredientDetailsView.swift */,
				8E0F01D1248A617700CBA319 /* HomeIngredientDetailsView.xib */,
				8E66F992255986B3008E15CE /* GeneratedRecipeTableViewCell.swift */,
				8E66F995255986C0008E15CE /* GeneratedRecipeTableViewCell.xib */,
				8E6B15F32559973E00BF6198 /* GeneratedRecipesView.swift */,
				8E6B15F6255997DB00BF6198 /* GeneratedRecipesView.xib */,
				8E6B15FD25599D1A00BF6198 /* ScheduleRecipeView.swift */,
				8E6B160025599D3200BF6198 /* ScheduleRecipeView.xib */,
			);
			name = "Home Ingredients";
			sourceTree = "<group>";
		};
		8EB9BC6A249B9D9600FF76F6 /* Home Screen */ = {
			isa = PBXGroup;
			children = (
				8E4B439E2514C50C0033A195 /* Cells */,
				8ED3A9982490C43300922BB2 /* AddSelectionView.swift */,
				8ED3A99A2490C43F00922BB2 /* AddSelectionView.xib */,
			);
			path = "Home Screen";
			sourceTree = "<group>";
		};
		8EEC0BDE247FD238005BFA24 /* Views */ = {
			isa = PBXGroup;
			children = (
				8E3640C02546F86000ABC563 /* Shopping Lists */,
				8E402DA025272C2F00BC31A4 /* Cooking Calendar */,
				8EB9BC6A249B9D9600FF76F6 /* Home Screen */,
				8E4B439F2514C5520033A195 /* Recipes */,
				8EB9BC69249B9D7000FF76F6 /* Home Ingredients */,
				8E9346962499F64C0048F5B1 /* CustomPickerView.swift */,
				8E9346982499F68C0048F5B1 /* CustomPickerView.xib */,
				8E93469A249A4D7C0048F5B1 /* CategoriesView.swift */,
				8E93469C249A4DE20048F5B1 /* CategoriesView.xib */,
				8E498AD02536FF5200900D61 /* FilterView.swift */,
				8E498AD32536FF6400900D61 /* FilterView.xib */,
				8EF58389253969D900381C43 /* SortView.swift */,
				8EF58386253969A300381C43 /* SortView.xib */,
				8E5B68DB253C4DB800B4BA19 /* RearrangeHomeScreenView.swift */,
				8E5B68DE253C4DCE00B4BA19 /* RearrangeHomeScreenView.xib */,
				8E9AE68B255A7F6400E4FF41 /* SpinnerView.swift */,
			);
			path = Views;
			sourceTree = "<group>";
		};
		8EF5BFC52475230F00C44646 = {
			isa = PBXGroup;
			children = (
				8EF5BFD02475230F00C44646 /* Cooking Organizer */,
				8EF5BFCF2475230F00C44646 /* Products */,
				F2CA350C1E606C76A17FA94F /* Pods */,
				83CCF7C7BCD23AE71C4E9A14 /* Frameworks */,
			);
			sourceTree = "<group>";
		};
		8EF5BFCF2475230F00C44646 /* Products */ = {
			isa = PBXGroup;
			children = (
				8EF5BFCE2475230F00C44646 /* Cooking Organizer.app */,
			);
			name = Products;
			sourceTree = "<group>";
		};
		8EF5BFD02475230F00C44646 /* Cooking Organizer */ = {
			isa = PBXGroup;
			children = (
				8E4F7397253DB82200E145A9 /* BaseIngredients.json */,
				8EA95557252225E900645198 /* BridgingHeader.h */,
				8E8E20322475535900AF2F49 /* Models */,
				8EEC0BDE247FD238005BFA24 /* Views */,
				8EF5BFE7247534FC00C44646 /* Controllers */,
				8E8E202F24753F6100AF2F49 /* Managers */,
				8EF5BFD12475230F00C44646 /* AppDelegate.swift */,
				8EF5BFD32475230F00C44646 /* SceneDelegate.swift */,
				8EF5BFD72475230F00C44646 /* Main.storyboard */,
				8EF5BFDA2475231200C44646 /* Assets.xcassets */,
				8EF5BFDC2475231200C44646 /* LaunchScreen.storyboard */,
				8EF5BFDF2475231200C44646 /* Info.plist */,
				8EF5BFE52475280E00C44646 /* GoogleService-Info.plist */,
			);
			path = "Cooking Organizer";
			sourceTree = "<group>";
		};
		8EF5BFE7247534FC00C44646 /* Controllers */ = {
			isa = PBXGroup;
			children = (
				8EF5BFD52475230F00C44646 /* LogInViewController.swift */,
				8E9984372476C7E300C10B4F /* HomeScreenViewController.swift */,
				8E9158AA247D2E92003590F7 /* HomeIngredientsViewController.swift */,
				8ED3A9A02490DAA500922BB2 /* CookbookViewController.swift */,
				8EE3941B249795D000DE2C9B /* NewRecipeViewController.swift */,
				8E95E52B249CDDD200ACCD44 /* RecipeDetailsViewController.swift */,
				8EA955422522234500645198 /* CookingCalendarViewController.swift */,
				8E5B68D8253C47BD00B4BA19 /* SettingsViewController.swift */,
				8E34D4952546EC0000AE1BCD /* ShoppingListsViewController.swift */,
				8E3640C725470D9000ABC563 /* ShoppingListViewController.swift */,
			);
			name = Controllers;
			sourceTree = "<group>";
		};
		F2CA350C1E606C76A17FA94F /* Pods */ = {
			isa = PBXGroup;
			children = (
				80A38ADDFBDF7218AEEF2D79 /* Pods-Cooking Organizer.debug.xcconfig */,
				DA96B64C257E41F72BCC4D5C /* Pods-Cooking Organizer.release.xcconfig */,
			);
			path = Pods;
			sourceTree = "<group>";
		};
/* End PBXGroup section */

/* Begin PBXNativeTarget section */
		8EF5BFCD2475230F00C44646 /* Cooking Organizer */ = {
			isa = PBXNativeTarget;
			buildConfigurationList = 8EF5BFE22475231200C44646 /* Build configuration list for PBXNativeTarget "Cooking Organizer" */;
			buildPhases = (
				D76081607EBDDEAE00DDECA8 /* [CP] Check Pods Manifest.lock */,
				8EF5BFCA2475230F00C44646 /* Sources */,
				8EF5BFCB2475230F00C44646 /* Frameworks */,
				8EF5BFCC2475230F00C44646 /* Resources */,
			);
			buildRules = (
			);
			dependencies = (
			);
			name = "Cooking Organizer";
			productName = "Cooking Organizer";
			productReference = 8EF5BFCE2475230F00C44646 /* Cooking Organizer.app */;
			productType = "com.apple.product-type.application";
		};
/* End PBXNativeTarget section */

/* Begin PBXProject section */
		8EF5BFC62475230F00C44646 /* Project object */ = {
			isa = PBXProject;
			attributes = {
				LastSwiftUpdateCheck = 1130;
				LastUpgradeCheck = 1130;
				ORGANIZATIONNAME = "Rares Soponar";
				TargetAttributes = {
					8EF5BFCD2475230F00C44646 = {
						CreatedOnToolsVersion = 11.3.1;
					};
				};
			};
			buildConfigurationList = 8EF5BFC92475230F00C44646 /* Build configuration list for PBXProject "Cooking Organizer" */;
			compatibilityVersion = "Xcode 9.3";
			developmentRegion = en;
			hasScannedForEncodings = 0;
			knownRegions = (
				en,
				Base,
			);
			mainGroup = 8EF5BFC52475230F00C44646;
			productRefGroup = 8EF5BFCF2475230F00C44646 /* Products */;
			projectDirPath = "";
			projectRoot = "";
			targets = (
				8EF5BFCD2475230F00C44646 /* Cooking Organizer */,
			);
		};
/* End PBXProject section */

/* Begin PBXResourcesBuildPhase section */
		8EF5BFCC2475230F00C44646 /* Resources */ = {
			isa = PBXResourcesBuildPhase;
			buildActionMask = 2147483647;
			files = (
				8E498AD42536FF6400900D61 /* FilterView.xib in Resources */,
				8E0F01D2248A617700CBA319 /* HomeIngredientDetailsView.xib in Resources */,
				8EEC0BE8247FE7BF005BFA24 /* HIWidgetTableViewCell.xib in Resources */,
				8E9346992499F68C0048F5B1 /* CustomPickerView.xib in Resources */,
				8EF5BFDE2475231200C44646 /* LaunchScreen.storyboard in Resources */,
				8E6B160125599D3200BF6198 /* ScheduleRecipeView.xib in Resources */,
				8EF5BFE62475280E00C44646 /* GoogleService-Info.plist in Resources */,
				8E66F996255986C0008E15CE /* GeneratedRecipeTableViewCell.xib in Resources */,
				8E06382D251391AC00199907 /* CookbookWidgetTableViewCell.xib in Resources */,
				8EF5BFDB2475231200C44646 /* Assets.xcassets in Resources */,
				8E3143012510FCD800FCF59F /* RecipeStepCell.xib in Resources */,
				8EAD142F254AF0DB002AFAC9 /* ShoppingListWidgetTableViewCell.xib in Resources */,
				8E64AA5F25233E5E00DCC3A8 /* CookingCalendarWidgetTableViewCell.xib in Resources */,
				8E0951BE255423F200D4550D /* GenerateShoppingListView.xib in Resources */,
				8EF5BFD92475230F00C44646 /* Main.storyboard in Resources */,
				8E6B15F7255997DB00BF6198 /* GeneratedRecipesView.xib in Resources */,
				8E5B68DF253C4DCE00B4BA19 /* RearrangeHomeScreenView.xib in Resources */,
				8E93469D249A4DE20048F5B1 /* CategoriesView.xib in Resources */,
				8E71E65E250F8EB400C4E588 /* RecipeIngredientCell.xib in Resources */,
				8E3640C52546F89000ABC563 /* CreateShoppingListView.xib in Resources */,
				8E3FA85D2487C72300FDEB7D /* HomeIngredientTableViewCell.xib in Resources */,
				8E0DE0232525CA58007CFA31 /* CookingDatesView.xib in Resources */,
				8E4F7399253DB82200E145A9 /* BaseIngredients.json in Resources */,
				8EF58387253969A300381C43 /* SortView.xib in Resources */,
				8ED3A99B2490C43F00922BB2 /* AddSelectionView.xib in Resources */,
				8E3143052510FD9E00FCF59F /* ChangeRecipeStepCell.xib in Resources */,
				8E3640CE25471D1A00ABC563 /* AddShoppingListItemView.xib in Resources */,
				8EAD1428254AD950002AFAC9 /* ShoppingListItemTableViewCell.xib in Resources */,
				8E71E662250FAA9C00C4E588 /* ChangeRecipeIngredientCell.xib in Resources */,
				8E402DA625272C8300BC31A4 /* RecipesTableView.xib in Resources */,
				8ED3A99F2490D6BD00922BB2 /* RecipeTableViewCell.xib in Resources */,
			);
			runOnlyForDeploymentPostprocessing = 0;
		};
/* End PBXResourcesBuildPhase section */

/* Begin PBXShellScriptBuildPhase section */
		D76081607EBDDEAE00DDECA8 /* [CP] Check Pods Manifest.lock */ = {
			isa = PBXShellScriptBuildPhase;
			buildActionMask = 2147483647;
			files = (
			);
			inputFileListPaths = (
			);
			inputPaths = (
				"${PODS_PODFILE_DIR_PATH}/Podfile.lock",
				"${PODS_ROOT}/Manifest.lock",
			);
			name = "[CP] Check Pods Manifest.lock";
			outputFileListPaths = (
			);
			outputPaths = (
				"$(DERIVED_FILE_DIR)/Pods-Cooking Organizer-checkManifestLockResult.txt",
			);
			runOnlyForDeploymentPostprocessing = 0;
			shellPath = /bin/sh;
			shellScript = "diff \"${PODS_PODFILE_DIR_PATH}/Podfile.lock\" \"${PODS_ROOT}/Manifest.lock\" > /dev/null\nif [ $? != 0 ] ; then\n    # print error to STDERR\n    echo \"error: The sandbox is not in sync with the Podfile.lock. Run 'pod install' or update your CocoaPods installation.\" >&2\n    exit 1\nfi\n# This output is used by Xcode 'outputs' to avoid re-running this script phase.\necho \"SUCCESS\" > \"${SCRIPT_OUTPUT_FILE_0}\"\n";
			showEnvVarsInLog = 0;
		};
/* End PBXShellScriptBuildPhase section */

/* Begin PBXSourcesBuildPhase section */
		8EF5BFCA2475230F00C44646 /* Sources */ = {
			isa = PBXSourcesBuildPhase;
			buildActionMask = 2147483647;
			files = (
				8E8BDC3C2521E34F004B5269 /* StepsView.swift in Sources */,
				8E9984362476BF4300C10B4F /* UserDataManager.swift in Sources */,
				8EEC0BDA247F9D29005BFA24 /* UtilsManager.swift in Sources */,
				8E9346972499F64C0048F5B1 /* CustomPickerView.swift in Sources */,
				8E9984382476C7E300C10B4F /* HomeScreenViewController.swift in Sources */,
				8EB02E70249CFECE0013D1B2 /* Checkbox.swift in Sources */,
				8E0951C225543A9000D4550D /* GeneratedShoppingListItem.swift in Sources */,
				8E1AECE1247E75FF0041B6C4 /* Categories.swift in Sources */,
				8E6B15FE25599D1A00BF6198 /* ScheduleRecipeView.swift in Sources */,
				8E0DE01F2525CA43007CFA31 /* CookingDatesView.swift in Sources */,
				8E9158AB247D2E93003590F7 /* HomeIngredientsViewController.swift in Sources */,
				8EEC0BDD247FCE9C005BFA24 /* HomeIngredient.swift in Sources */,
				8E93469B249A4D7C0048F5B1 /* CategoriesView.swift in Sources */,
				8EF5BFD62475230F00C44646 /* LogInViewController.swift in Sources */,
				8EB9DD632508D1DC0020BCA9 /* FirebaseAPIManager.swift in Sources */,
				8EF5BFD22475230F00C44646 /* AppDelegate.swift in Sources */,
				8E3142FF2510FCC700FCF59F /* RecipeStepCell.swift in Sources */,
				8EE3941C249795D000DE2C9B /* NewRecipeViewController.swift in Sources */,
				8E498AD12536FF5200900D61 /* FilterView.swift in Sources */,
				8E3640C825470D9000ABC563 /* ShoppingListViewController.swift in Sources */,
				8E66F993255986B3008E15CE /* GeneratedRecipeTableViewCell.swift in Sources */,
				8E8E203624756DFB00AF2F49 /* AlertManager.swift in Sources */,
				8E8E203124753F7E00AF2F49 /* UsersManager.swift in Sources */,
				8EEC0BE7247FE7BF005BFA24 /* HIWidgetTableViewCell.swift in Sources */,
				8E59B1B6250BBA6A00DF3186 /* IngredientsView.swift in Sources */,
				8E402DA225272C7B00BC31A4 /* RecipesTableView.swift in Sources */,
				8E5B68DC253C4DB800B4BA19 /* RearrangeHomeScreenView.swift in Sources */,
				8E71E660250FAA7F00C4E588 /* ChangeRecipeIngredientCell.swift in Sources */,
				8E5B68D9253C47BD00B4BA19 /* SettingsViewController.swift in Sources */,
				8E4F7395253DB76800E145A9 /* CustomIngredients.swift in Sources */,
				8E6B15FA25599AF800BF6198 /* GeneratedRecipe.swift in Sources */,
				8E3640C22546F87B00ABC563 /* CreateShoppingListView.swift in Sources */,
				8E34D4962546EC0000AE1BCD /* ShoppingListsViewController.swift in Sources */,
				8ED3A9992490C43300922BB2 /* AddSelectionView.swift in Sources */,
				8E06382B2513919A00199907 /* CookbookWidgetTableViewCell.swift in Sources */,
				8EAD142C254AF0CF002AFAC9 /* ShoppingListWidgetTableViewCell.swift in Sources */,
				8EAD1425254AD946002AFAC9 /* ShoppingListItemTableViewCell.swift in Sources */,
				8EE3941E2497A35900DE2C9B /* NewRecipeIngredient.swift in Sources */,
				8E3640CB2547195900ABC563 /* AddShoppingListItemView.swift in Sources */,
				8E8E20342475536F00AF2F49 /* User.swift in Sources */,
				8E71E65C250F8EA400C4E588 /* RecipeIngredientCell.swift in Sources */,
				8E0F01D0248A616D00CBA319 /* HomeIngredientDetailsView.swift in Sources */,
				8E95E52A249CBD2900ACCD44 /* Recipe.swift in Sources */,
				8EA955432522234500645198 /* CookingCalendarViewController.swift in Sources */,
				8EF5BFD42475230F00C44646 /* SceneDelegate.swift in Sources */,
				8ED3A99E2490D6BD00922BB2 /* RecipeTableViewCell.swift in Sources */,
				8E9AE68C255A7F6400E4FF41 /* SpinnerView.swift in Sources */,
				8E3143032510FD8C00FCF59F /* ChangeRecipeStepCell.swift in Sources */,
				8EB61BA625519BB300592833 /* UnitManager.swift in Sources */,
				8E34D4902546CC5D00AE1BCD /* ShoppingList.swift in Sources */,
				8E34D4932546CC8400AE1BCD /* ShoppingListItem.swift in Sources */,
				8E6B15F42559973E00BF6198 /* GeneratedRecipesView.swift in Sources */,
				8E64AA5C25233E4C00DCC3A8 /* CookingCalendarWidgetTableViewCell.swift in Sources */,
				8E4F7357253D9AB800E145A9 /* IngredientsManager.swift in Sources */,
				8EEC0BE0247FD25A005BFA24 /* HomeIngredientTableViewCell.swift in Sources */,
				8EF5838A253969D900381C43 /* SortView.swift in Sources */,
				8E4F734B253D956200E145A9 /* BaseIngredients.swift in Sources */,
				8ED3A9A12490DAA500922BB2 /* CookbookViewController.swift in Sources */,
				8E95E52C249CDDD200ACCD44 /* RecipeDetailsViewController.swift in Sources */,
				8E0951BB255423E700D4550D /* GenerateShoppingListView.swift in Sources */,
			);
			runOnlyForDeploymentPostprocessing = 0;
		};
/* End PBXSourcesBuildPhase section */

/* Begin PBXVariantGroup section */
		8EF5BFD72475230F00C44646 /* Main.storyboard */ = {
			isa = PBXVariantGroup;
			children = (
				8EF5BFD82475230F00C44646 /* Base */,
			);
			name = Main.storyboard;
			sourceTree = "<group>";
		};
		8EF5BFDC2475231200C44646 /* LaunchScreen.storyboard */ = {
			isa = PBXVariantGroup;
			children = (
				8EF5BFDD2475231200C44646 /* Base */,
			);
			name = LaunchScreen.storyboard;
			sourceTree = "<group>";
		};
/* End PBXVariantGroup section */

/* Begin XCBuildConfiguration section */
		8EF5BFE02475231200C44646 /* Debug */ = {
			isa = XCBuildConfiguration;
			buildSettings = {
				ALWAYS_SEARCH_USER_PATHS = NO;
				CLANG_ANALYZER_NONNULL = YES;
				CLANG_ANALYZER_NUMBER_OBJECT_CONVERSION = YES_AGGRESSIVE;
				CLANG_CXX_LANGUAGE_STANDARD = "gnu++14";
				CLANG_CXX_LIBRARY = "libc++";
				CLANG_ENABLE_MODULES = YES;
				CLANG_ENABLE_OBJC_ARC = YES;
				CLANG_ENABLE_OBJC_WEAK = YES;
				CLANG_WARN_BLOCK_CAPTURE_AUTORELEASING = YES;
				CLANG_WARN_BOOL_CONVERSION = YES;
				CLANG_WARN_COMMA = YES;
				CLANG_WARN_CONSTANT_CONVERSION = YES;
				CLANG_WARN_DEPRECATED_OBJC_IMPLEMENTATIONS = YES;
				CLANG_WARN_DIRECT_OBJC_ISA_USAGE = YES_ERROR;
				CLANG_WARN_DOCUMENTATION_COMMENTS = YES;
				CLANG_WARN_EMPTY_BODY = YES;
				CLANG_WARN_ENUM_CONVERSION = YES;
				CLANG_WARN_INFINITE_RECURSION = YES;
				CLANG_WARN_INT_CONVERSION = YES;
				CLANG_WARN_NON_LITERAL_NULL_CONVERSION = YES;
				CLANG_WARN_OBJC_IMPLICIT_RETAIN_SELF = YES;
				CLANG_WARN_OBJC_LITERAL_CONVERSION = YES;
				CLANG_WARN_OBJC_ROOT_CLASS = YES_ERROR;
				CLANG_WARN_RANGE_LOOP_ANALYSIS = YES;
				CLANG_WARN_STRICT_PROTOTYPES = YES;
				CLANG_WARN_SUSPICIOUS_MOVE = YES;
				CLANG_WARN_UNGUARDED_AVAILABILITY = YES_AGGRESSIVE;
				CLANG_WARN_UNREACHABLE_CODE = YES;
				CLANG_WARN__DUPLICATE_METHOD_MATCH = YES;
				COPY_PHASE_STRIP = NO;
				DEBUG_INFORMATION_FORMAT = dwarf;
				ENABLE_STRICT_OBJC_MSGSEND = YES;
				ENABLE_TESTABILITY = YES;
				GCC_C_LANGUAGE_STANDARD = gnu11;
				GCC_DYNAMIC_NO_PIC = NO;
				GCC_NO_COMMON_BLOCKS = YES;
				GCC_OPTIMIZATION_LEVEL = 0;
				GCC_PREPROCESSOR_DEFINITIONS = (
					"DEBUG=1",
					"$(inherited)",
				);
				GCC_WARN_64_TO_32_BIT_CONVERSION = YES;
				GCC_WARN_ABOUT_RETURN_TYPE = YES_ERROR;
				GCC_WARN_UNDECLARED_SELECTOR = YES;
				GCC_WARN_UNINITIALIZED_AUTOS = YES_AGGRESSIVE;
				GCC_WARN_UNUSED_FUNCTION = YES;
				GCC_WARN_UNUSED_VARIABLE = YES;
				IPHONEOS_DEPLOYMENT_TARGET = 13.2;
				MTL_ENABLE_DEBUG_INFO = INCLUDE_SOURCE;
				MTL_FAST_MATH = YES;
				ONLY_ACTIVE_ARCH = YES;
				SDKROOT = iphoneos;
				SWIFT_ACTIVE_COMPILATION_CONDITIONS = DEBUG;
				SWIFT_OPTIMIZATION_LEVEL = "-Onone";
			};
			name = Debug;
		};
		8EF5BFE12475231200C44646 /* Release */ = {
			isa = XCBuildConfiguration;
			buildSettings = {
				ALWAYS_SEARCH_USER_PATHS = NO;
				CLANG_ANALYZER_NONNULL = YES;
				CLANG_ANALYZER_NUMBER_OBJECT_CONVERSION = YES_AGGRESSIVE;
				CLANG_CXX_LANGUAGE_STANDARD = "gnu++14";
				CLANG_CXX_LIBRARY = "libc++";
				CLANG_ENABLE_MODULES = YES;
				CLANG_ENABLE_OBJC_ARC = YES;
				CLANG_ENABLE_OBJC_WEAK = YES;
				CLANG_WARN_BLOCK_CAPTURE_AUTORELEASING = YES;
				CLANG_WARN_BOOL_CONVERSION = YES;
				CLANG_WARN_COMMA = YES;
				CLANG_WARN_CONSTANT_CONVERSION = YES;
				CLANG_WARN_DEPRECATED_OBJC_IMPLEMENTATIONS = YES;
				CLANG_WARN_DIRECT_OBJC_ISA_USAGE = YES_ERROR;
				CLANG_WARN_DOCUMENTATION_COMMENTS = YES;
				CLANG_WARN_EMPTY_BODY = YES;
				CLANG_WARN_ENUM_CONVERSION = YES;
				CLANG_WARN_INFINITE_RECURSION = YES;
				CLANG_WARN_INT_CONVERSION = YES;
				CLANG_WARN_NON_LITERAL_NULL_CONVERSION = YES;
				CLANG_WARN_OBJC_IMPLICIT_RETAIN_SELF = YES;
				CLANG_WARN_OBJC_LITERAL_CONVERSION = YES;
				CLANG_WARN_OBJC_ROOT_CLASS = YES_ERROR;
				CLANG_WARN_RANGE_LOOP_ANALYSIS = YES;
				CLANG_WARN_STRICT_PROTOTYPES = YES;
				CLANG_WARN_SUSPICIOUS_MOVE = YES;
				CLANG_WARN_UNGUARDED_AVAILABILITY = YES_AGGRESSIVE;
				CLANG_WARN_UNREACHABLE_CODE = YES;
				CLANG_WARN__DUPLICATE_METHOD_MATCH = YES;
				COPY_PHASE_STRIP = NO;
				DEBUG_INFORMATION_FORMAT = "dwarf-with-dsym";
				ENABLE_NS_ASSERTIONS = NO;
				ENABLE_STRICT_OBJC_MSGSEND = YES;
				GCC_C_LANGUAGE_STANDARD = gnu11;
				GCC_NO_COMMON_BLOCKS = YES;
				GCC_WARN_64_TO_32_BIT_CONVERSION = YES;
				GCC_WARN_ABOUT_RETURN_TYPE = YES_ERROR;
				GCC_WARN_UNDECLARED_SELECTOR = YES;
				GCC_WARN_UNINITIALIZED_AUTOS = YES_AGGRESSIVE;
				GCC_WARN_UNUSED_FUNCTION = YES;
				GCC_WARN_UNUSED_VARIABLE = YES;
				IPHONEOS_DEPLOYMENT_TARGET = 13.2;
				MTL_ENABLE_DEBUG_INFO = NO;
				MTL_FAST_MATH = YES;
				SDKROOT = iphoneos;
				SWIFT_COMPILATION_MODE = wholemodule;
				SWIFT_OPTIMIZATION_LEVEL = "-O";
				VALIDATE_PRODUCT = YES;
			};
			name = Release;
		};
		8EF5BFE32475231200C44646 /* Debug */ = {
			isa = XCBuildConfiguration;
			baseConfigurationReference = 80A38ADDFBDF7218AEEF2D79 /* Pods-Cooking Organizer.debug.xcconfig */;
			buildSettings = {
				ASSETCATALOG_COMPILER_APPICON_NAME = AppIcon;
				CODE_SIGN_STYLE = Automatic;
				DEVELOPMENT_TEAM = 6Y4ZS98UZF;
				INFOPLIST_FILE = "Cooking Organizer/Info.plist";
				LD_RUNPATH_SEARCH_PATHS = (
					"$(inherited)",
					"@executable_path/Frameworks",
				);
				PRODUCT_BUNDLE_IDENTIFIER = "raressoponar.Cooking-Organizerr";
				PRODUCT_NAME = "$(TARGET_NAME)";
				SWIFT_OBJC_BRIDGING_HEADER = "Cooking Organizer/BridgingHeader.h";
				SWIFT_VERSION = 5.0;
				TARGETED_DEVICE_FAMILY = "1,2";
			};
			name = Debug;
		};
		8EF5BFE42475231200C44646 /* Release */ = {
			isa = XCBuildConfiguration;
			baseConfigurationReference = DA96B64C257E41F72BCC4D5C /* Pods-Cooking Organizer.release.xcconfig */;
			buildSettings = {
				ASSETCATALOG_COMPILER_APPICON_NAME = AppIcon;
				CODE_SIGN_STYLE = Automatic;
				DEVELOPMENT_TEAM = 6Y4ZS98UZF;
				INFOPLIST_FILE = "Cooking Organizer/Info.plist";
				LD_RUNPATH_SEARCH_PATHS = (
					"$(inherited)",
					"@executable_path/Frameworks",
				);
				PRODUCT_BUNDLE_IDENTIFIER = "raressoponar.Cooking-Organizerr";
				PRODUCT_NAME = "$(TARGET_NAME)";
				SWIFT_OBJC_BRIDGING_HEADER = "Cooking Organizer/BridgingHeader.h";
				SWIFT_VERSION = 5.0;
				TARGETED_DEVICE_FAMILY = "1,2";
			};
			name = Release;
		};
/* End XCBuildConfiguration section */

/* Begin XCConfigurationList section */
		8EF5BFC92475230F00C44646 /* Build configuration list for PBXProject "Cooking Organizer" */ = {
			isa = XCConfigurationList;
			buildConfigurations = (
				8EF5BFE02475231200C44646 /* Debug */,
				8EF5BFE12475231200C44646 /* Release */,
			);
			defaultConfigurationIsVisible = 0;
			defaultConfigurationName = Release;
		};
		8EF5BFE22475231200C44646 /* Build configuration list for PBXNativeTarget "Cooking Organizer" */ = {
			isa = XCConfigurationList;
			buildConfigurations = (
				8EF5BFE32475231200C44646 /* Debug */,
				8EF5BFE42475231200C44646 /* Release */,
			);
			defaultConfigurationIsVisible = 0;
			defaultConfigurationName = Release;
		};
/* End XCConfigurationList section */
	};
	rootObject = 8EF5BFC62475230F00C44646 /* Project object */;
}
